
Microsoft Visual Studio Solution File, Format Version 12.00
# Visual Studio Version 16
VisualStudioVersion = 16.0.30225.117
MinimumVisualStudioVersion = 10.0.40219.1
Project("{FAE04EC0-301F-11D3-BF4B-00C04F79EFBC}") = "DiceRolling", "DiceRolling.csproj", "{1F34B2B3-7BDA-4EA8-A955-A214B3EEE239}"
EndProject
Global
	GlobalSection(SolutionConfigurationPlatforms) = preSolution
		Debug|Any CPU = Debug|Any CPU
		Release|Any CPU = Release|Any CPU
	EndGlobalSection
	GlobalSection(ProjectConfigurationPlatforms) = postSolution
		{1F34B2B3-7BDA-4EA8-A955-A214B3EEE239}.Debug|Any CPU.ActiveCfg = Debug|Any CPU
		{1F34B2B3-7BDA-4EA8-A955-A214B3EEE239}.Debug|Any CPU.Build.0 = Debug|Any CPU
		{1F34B2B3-7BDA-4EA8-A955-A214B3EEE239}.Release|Any CPU.ActiveCfg = Release|Any CPU
		{1F34B2B3-7BDA-4EA8-A955-A214B3EEE239}.Release|Any CPU.Build.0 = Release|Any CPU
	EndGlobalSection
	GlobalSection(SolutionProperties) = preSolution
		HideSolutionNode = FALSE
	EndGlobalSection
	GlobalSection(ExtensibilityGlobals) = postSolution
		SolutionGuid = {82233CCA-C182-47E4-9FC8-0E2F72DD4690}
	EndGlobalSection
EndGlobal
